# THIS IS AN AUTOGENERATED FILE. DO NOT EDIT THIS FILE DIRECTLY.
# yarn lockfile v1


align-text@^0.1.1, align-text@^0.1.3:
  version "0.1.4"
  resolved "https://registry.yarnpkg.com/align-text/-/align-text-0.1.4.tgz#0cd90a561093f35d0a99256c22b7069433fad117"
  dependencies:
    kind-of "^3.0.2"
    longest "^1.0.1"
    repeat-string "^1.5.2"

amdefine@>=0.0.4:
  version "1.0.1"
  resolved "https://registry.yarnpkg.com/amdefine/-/amdefine-1.0.1.tgz#4a5282ac164729e93619bcfd3ad151f817ce91f5"

ansi-escapes@^3.0.0:
  version "3.0.0"
  resolved "https://registry.yarnpkg.com/ansi-escapes/-/ansi-escapes-3.0.0.tgz#ec3e8b4e9f8064fc02c3ac9b65f1c275bda8ef92"

ansi-regex@^3.0.0:
  version "3.0.0"
  resolved "https://registry.yarnpkg.com/ansi-regex/-/ansi-regex-3.0.0.tgz#ed0317c322064f79466c02966bddb605ab37d998"

ansi-styles@^3.2.0, ansi-styles@^3.2.1:
  version "3.2.1"
  resolved "https://registry.yarnpkg.com/ansi-styles/-/ansi-styles-3.2.1.tgz#41fbb20243e50b12be0f04b8dedbf07520ce841d"
  dependencies:
    color-convert "^1.9.0"

async@^1.4.0:
  version "1.5.2"
  resolved "https://registry.yarnpkg.com/async/-/async-1.5.2.tgz#ec6a61ae56480c0c3cb241c95618e20892f9672a"

builtin-modules@^1.0.0:
  version "1.1.1"
  resolved "https://registry.yarnpkg.com/builtin-modules/-/builtin-modules-1.1.1.tgz#270f076c5a72c02f5b65a47df94c5fe3a278892f"

camelcase@^1.0.2:
  version "1.2.1"
  resolved "https://registry.yarnpkg.com/camelcase/-/camelcase-1.2.1.tgz#9bb5304d2e0b56698b2c758b08a3eaa9daa58a39"

center-align@^0.1.1:
  version "0.1.3"
  resolved "https://registry.yarnpkg.com/center-align/-/center-align-0.1.3.tgz#aa0d32629b6ee972200411cbd4461c907bc2b7ad"
  dependencies:
    align-text "^0.1.3"
    lazy-cache "^1.0.3"

chalk@^2.0.0, chalk@^2.3.1:
  version "2.3.1"
  resolved "https://registry.yarnpkg.com/chalk/-/chalk-2.3.1.tgz#523fe2678aec7b04e8041909292fe8b17059b796"
  dependencies:
    ansi-styles "^3.2.0"
    escape-string-regexp "^1.0.5"
    supports-color "^5.2.0"

chalk@^2.0.1:
  version "2.3.2"
  resolved "https://registry.yarnpkg.com/chalk/-/chalk-2.3.2.tgz#250dc96b07491bfd601e648d66ddf5f60c7a5c65"
  dependencies:
    ansi-styles "^3.2.1"
    escape-string-regexp "^1.0.5"
    supports-color "^5.3.0"

chardet@^0.4.0:
  version "0.4.2"
  resolved "https://registry.yarnpkg.com/chardet/-/chardet-0.4.2.tgz#b5473b33dc97c424e5d98dc87d55d4d8a29c8bf2"

cli-cursor@^2.1.0:
  version "2.1.0"
  resolved "https://registry.yarnpkg.com/cli-cursor/-/cli-cursor-2.1.0.tgz#b35dac376479facc3e94747d41d0d0f5238ffcb5"
  dependencies:
    restore-cursor "^2.0.0"

cli-width@^2.0.0:
  version "2.2.0"
  resolved "https://registry.yarnpkg.com/cli-width/-/cli-width-2.2.0.tgz#ff19ede8a9a5e579324147b0c11f0fbcbabed639"

cliui@^2.1.0:
  version "2.1.0"
  resolved "https://registry.yarnpkg.com/cliui/-/cliui-2.1.0.tgz#4b475760ff80264c762c3a1719032e91c7fea0d1"
  dependencies:
    center-align "^0.1.1"
    right-align "^0.1.1"
    wordwrap "0.0.2"

color-convert@^1.9.0:
  version "1.9.1"
  resolved "https://registry.yarnpkg.com/color-convert/-/color-convert-1.9.1.tgz#c1261107aeb2f294ebffec9ed9ecad529a6097ed"
  dependencies:
    color-name "^1.1.1"

color-name@^1.1.1:
  version "1.1.3"
  resolved "https://registry.yarnpkg.com/color-name/-/color-name-1.1.3.tgz#a7d0558bd89c42f795dd42328f740831ca53bc25"

decamelize@^1.0.0:
  version "1.2.0"
  resolved "https://registry.yarnpkg.com/decamelize/-/decamelize-1.2.0.tgz#f6534d15148269b20352e7bee26f501f9a191290"

error-ex@^1.2.0:
  version "1.3.1"
  resolved "https://registry.yarnpkg.com/error-ex/-/error-ex-1.3.1.tgz#f855a86ce61adc4e8621c3cda21e7a7612c3a8dc"
  dependencies:
    is-arrayish "^0.2.1"

escape-string-regexp@^1.0.5:
  version "1.0.5"
  resolved "https://registry.yarnpkg.com/escape-string-regexp/-/escape-string-regexp-1.0.5.tgz#1b61c0562190a8dff6ae3bb2cf0200ca130b86d4"

exec-sh@^0.2.1:
  version "0.2.1"
  resolved "https://registry.yarnpkg.com/exec-sh/-/exec-sh-0.2.1.tgz#163b98a6e89e6b65b47c2a28d215bc1f63989c38"
  dependencies:
    merge "^1.1.3"

extend-shallow@^2.0.1:
  version "2.0.1"
  resolved "https://registry.yarnpkg.com/extend-shallow/-/extend-shallow-2.0.1.tgz#51af7d614ad9a9f610ea1bafbb989d6b1c56890f"
  dependencies:
    is-extendable "^0.1.0"

external-editor@^2.1.0:
  version "2.1.0"
  resolved "https://registry.yarnpkg.com/external-editor/-/external-editor-2.1.0.tgz#3d026a21b7f95b5726387d4200ac160d372c3b48"
  dependencies:
    chardet "^0.4.0"
    iconv-lite "^0.4.17"
    tmp "^0.0.33"

figures@^2.0.0:
  version "2.0.0"
  resolved "https://registry.yarnpkg.com/figures/-/figures-2.0.0.tgz#3ab1a2d2a62c8bfb431a0c94cb797a2fce27c962"
  dependencies:
    escape-string-regexp "^1.0.5"

find-up@^2.0.0:
  version "2.1.0"
  resolved "https://registry.yarnpkg.com/find-up/-/find-up-2.1.0.tgz#45d1b7e506c717ddd482775a2b77920a3c0c57a7"
  dependencies:
    locate-path "^2.0.0"

fs-exists-sync@^0.1.0:
  version "0.1.0"
  resolved "https://registry.yarnpkg.com/fs-exists-sync/-/fs-exists-sync-0.1.0.tgz#982d6893af918e72d08dec9e8673ff2b5a8d6add"

fs-extra@^5.0.0:
  version "5.0.0"
  resolved "https://registry.yarnpkg.com/fs-extra/-/fs-extra-5.0.0.tgz#414d0110cdd06705734d055652c5411260c31abd"
  dependencies:
    graceful-fs "^4.1.2"
    jsonfile "^4.0.0"
    universalify "^0.1.0"

git-config-path@^1.0.1:
  version "1.0.1"
  resolved "https://registry.yarnpkg.com/git-config-path/-/git-config-path-1.0.1.tgz#6d33f7ed63db0d0e118131503bab3aca47d54664"
  dependencies:
    extend-shallow "^2.0.1"
    fs-exists-sync "^0.1.0"
    homedir-polyfill "^1.0.0"

graceful-fs@^4.1.11, graceful-fs@^4.1.2, graceful-fs@^4.1.6:
  version "4.1.11"
  resolved "https://registry.yarnpkg.com/graceful-fs/-/graceful-fs-4.1.11.tgz#0e8bdfe4d1ddb8854d64e04ea7c00e2a026e5658"

handlebars-dir-render@^1.0.2:
  version "1.0.2"
  resolved "https://registry.yarnpkg.com/handlebars-dir-render/-/handlebars-dir-render-1.0.2.tgz#c1353dfa5e57ef7ced29dd2b2412dc1b4a1cd738"
  dependencies:
    chalk "^2.0.1"
    handlebars "^4.0.10"
    klaw-sync "^2.1.0"
    lodash "^4.17.4"
    mkdirp "^0.5.1"
    parse-git-config "^1.1.1"
    runtime-engine-check "^1.0.0"
    semver "^5.3.0"

handlebars@^4.0.10, handlebars@^4.0.11:
  version "4.0.11"
  resolved "https://registry.yarnpkg.com/handlebars/-/handlebars-4.0.11.tgz#630a35dfe0294bc281edae6ffc5d329fc7982dcc"
  dependencies:
    async "^1.4.0"
    optimist "^0.6.1"
    source-map "^0.4.4"
  optionalDependencies:
    uglify-js "^2.6"

has-flag@^3.0.0:
  version "3.0.0"
  resolved "https://registry.yarnpkg.com/has-flag/-/has-flag-3.0.0.tgz#b5d454dc2199ae225699f3467e5a07f3b955bafd"

homedir-polyfill@^1.0.0:
  version "1.0.1"
  resolved "https://registry.yarnpkg.com/homedir-polyfill/-/homedir-polyfill-1.0.1.tgz#4c2bbc8a758998feebf5ed68580f76d46768b4bc"
  dependencies:
    parse-passwd "^1.0.0"

hosted-git-info@^2.1.4:
  version "2.5.0"
  resolved "https://registry.yarnpkg.com/hosted-git-info/-/hosted-git-info-2.5.0.tgz#6d60e34b3abbc8313062c3b798ef8d901a07af3c"

iconv-lite@^0.4.17:
  version "0.4.19"
  resolved "https://registry.yarnpkg.com/iconv-lite/-/iconv-lite-0.4.19.tgz#f7468f60135f5e5dad3399c0a81be9a1603a082b"

ini@^1.3.4:
  version "1.3.5"
  resolved "https://registry.yarnpkg.com/ini/-/ini-1.3.5.tgz#eee25f56db1c9ec6085e0c22778083f596abf927"

inquirer@^5.1.0:
  version "5.1.0"
  resolved "https://registry.yarnpkg.com/inquirer/-/inquirer-5.1.0.tgz#19da508931892328abbbdd4c477f1efc65abfd67"
  dependencies:
    ansi-escapes "^3.0.0"
    chalk "^2.0.0"
    cli-cursor "^2.1.0"
    cli-width "^2.0.0"
    external-editor "^2.1.0"
    figures "^2.0.0"
    lodash "^4.3.0"
    mute-stream "0.0.7"
    run-async "^2.2.0"
    rxjs "^5.5.2"
    string-width "^2.1.0"
    strip-ansi "^4.0.0"
    through "^2.3.6"

is-arrayish@^0.2.1:
  version "0.2.1"
  resolved "https://registry.yarnpkg.com/is-arrayish/-/is-arrayish-0.2.1.tgz#77c99840527aa8ecb1a8ba697b80645a7a926a9d"

is-buffer@^1.1.5:
  version "1.1.6"
  resolved "https://registry.yarnpkg.com/is-buffer/-/is-buffer-1.1.6.tgz#efaa2ea9daa0d7ab2ea13a97b2b8ad51fefbe8be"

is-builtin-module@^1.0.0:
  version "1.0.0"
  resolved "https://registry.yarnpkg.com/is-builtin-module/-/is-builtin-module-1.0.0.tgz#540572d34f7ac3119f8f76c30cbc1b1e037affbe"
  dependencies:
    builtin-modules "^1.0.0"

is-extendable@^0.1.0:
  version "0.1.1"
  resolved "https://registry.yarnpkg.com/is-extendable/-/is-extendable-0.1.1.tgz#62b110e289a471418e3ec36a617d472e301dfc89"

is-fullwidth-code-point@^2.0.0:
  version "2.0.0"
  resolved "https://registry.yarnpkg.com/is-fullwidth-code-point/-/is-fullwidth-code-point-2.0.0.tgz#a3b30a5c4f199183167aaab93beefae3ddfb654f"

is-promise@^2.1.0:
  version "2.1.0"
  resolved "https://registry.yarnpkg.com/is-promise/-/is-promise-2.1.0.tgz#79a2a9ece7f096e80f36d2b2f3bc16c1ff4bf3fa"

jsonfile@^4.0.0:
  version "4.0.0"
  resolved "https://registry.yarnpkg.com/jsonfile/-/jsonfile-4.0.0.tgz#8771aae0799b64076b76640fca058f9c10e33ecb"
  optionalDependencies:
    graceful-fs "^4.1.6"

kind-of@^3.0.2:
  version "3.2.2"
  resolved "https://registry.yarnpkg.com/kind-of/-/kind-of-3.2.2.tgz#31ea21a734bab9bbb0f32466d893aea51e4a3c64"
  dependencies:
    is-buffer "^1.1.5"

klaw-sync@^2.1.0:
  version "2.1.0"
  resolved "https://registry.yarnpkg.com/klaw-sync/-/klaw-sync-2.1.0.tgz#3d3bcd8600e7bfdef53231c739ff053aed560e44"
  optionalDependencies:
    graceful-fs "^4.1.11"

lazy-cache@^1.0.3:
  version "1.0.4"
  resolved "https://registry.yarnpkg.com/lazy-cache/-/lazy-cache-1.0.4.tgz#a1d78fc3a50474cb80845d3b3b6e1da49a446e8e"

load-json-file@^2.0.0:
  version "2.0.0"
  resolved "https://registry.yarnpkg.com/load-json-file/-/load-json-file-2.0.0.tgz#7947e42149af80d696cbf797bcaabcfe1fe29ca8"
  dependencies:
    graceful-fs "^4.1.2"
    parse-json "^2.2.0"
    pify "^2.0.0"
    strip-bom "^3.0.0"

locate-path@^2.0.0:
  version "2.0.0"
  resolved "https://registry.yarnpkg.com/locate-path/-/locate-path-2.0.0.tgz#2b568b265eec944c6d9c0de9c3dbbbca0354cd8e"
  dependencies:
    p-locate "^2.0.0"
    path-exists "^3.0.0"

lodash@^4.17.4, lodash@^4.3.0:
  version "4.17.5"
  resolved "https://registry.yarnpkg.com/lodash/-/lodash-4.17.5.tgz#99a92d65c0272debe8c96b6057bc8fbfa3bed511"

longest@^1.0.1:
  version "1.0.1"
  resolved "https://registry.yarnpkg.com/longest/-/longest-1.0.1.tgz#30a0b2da38f73770e8294a0d22e6625ed77d0097"

merge@^1.1.3:
  version "1.2.0"
  resolved "https://registry.yarnpkg.com/merge/-/merge-1.2.0.tgz#7531e39d4949c281a66b8c5a6e0265e8b05894da"

mimic-fn@^1.0.0:
  version "1.2.0"
  resolved "https://registry.yarnpkg.com/mimic-fn/-/mimic-fn-1.2.0.tgz#820c86a39334640e99516928bd03fca88057d022"

minimist@0.0.8:
  version "0.0.8"
  resolved "https://registry.yarnpkg.com/minimist/-/minimist-0.0.8.tgz#857fcabfc3397d2625b8228262e86aa7a011b05d"

minimist@~0.0.1:
  version "0.0.10"
  resolved "https://registry.yarnpkg.com/minimist/-/minimist-0.0.10.tgz#de3f98543dbf96082be48ad1a0c7cda836301dcf"

mkdirp@^0.5.1:
  version "0.5.1"
  resolved "https://registry.yarnpkg.com/mkdirp/-/mkdirp-0.5.1.tgz#30057438eac6cf7f8c4767f38648d6697d75c903"
  dependencies:
    minimist "0.0.8"

mute-stream@0.0.7:
  version "0.0.7"
  resolved "https://registry.yarnpkg.com/mute-stream/-/mute-stream-0.0.7.tgz#3075ce93bc21b8fab43e1bc4da7e8115ed1e7bab"

normalize-package-data@^2.3.2:
  version "2.4.0"
  resolved "https://registry.yarnpkg.com/normalize-package-data/-/normalize-package-data-2.4.0.tgz#12f95a307d58352075a04907b84ac8be98ac012f"
  dependencies:
    hosted-git-info "^2.1.4"
    is-builtin-module "^1.0.0"
    semver "2 || 3 || 4 || 5"
    validate-npm-package-license "^3.0.1"

onetime@^2.0.0:
  version "2.0.1"
  resolved "https://registry.yarnpkg.com/onetime/-/onetime-2.0.1.tgz#067428230fd67443b2794b22bba528b6867962d4"
  dependencies:
    mimic-fn "^1.0.0"

optimist@^0.6.1:
  version "0.6.1"
  resolved "https://registry.yarnpkg.com/optimist/-/optimist-0.6.1.tgz#da3ea74686fa21a19a111c326e90eb15a0196686"
  dependencies:
    minimist "~0.0.1"
    wordwrap "~0.0.2"

os-tmpdir@~1.0.2:
  version "1.0.2"
  resolved "https://registry.yarnpkg.com/os-tmpdir/-/os-tmpdir-1.0.2.tgz#bbe67406c79aa85c5cfec766fe5734555dfa1274"

p-limit@^1.1.0:
  version "1.2.0"
  resolved "https://registry.yarnpkg.com/p-limit/-/p-limit-1.2.0.tgz#0e92b6bedcb59f022c13d0f1949dc82d15909f1c"
  dependencies:
    p-try "^1.0.0"

p-locate@^2.0.0:
  version "2.0.0"
  resolved "https://registry.yarnpkg.com/p-locate/-/p-locate-2.0.0.tgz#20a0103b222a70c8fd39cc2e580680f3dde5ec43"
  dependencies:
    p-limit "^1.1.0"

p-try@^1.0.0:
  version "1.0.0"
  resolved "https://registry.yarnpkg.com/p-try/-/p-try-1.0.0.tgz#cbc79cdbaf8fd4228e13f621f2b1a237c1b207b3"

parse-git-config@^1.1.1:
  version "1.1.1"
  resolved "https://registry.yarnpkg.com/parse-git-config/-/parse-git-config-1.1.1.tgz#d3a9984317132f57398712bba438e129590ddf8c"
  dependencies:
    extend-shallow "^2.0.1"
    fs-exists-sync "^0.1.0"
    git-config-path "^1.0.1"
    ini "^1.3.4"

parse-json@^2.2.0:
  version "2.2.0"
  resolved "https://registry.yarnpkg.com/parse-json/-/parse-json-2.2.0.tgz#f480f40434ef80741f8469099f8dea18f55a4dc9"
  dependencies:
    error-ex "^1.2.0"

parse-passwd@^1.0.0:
  version "1.0.0"
  resolved "https://registry.yarnpkg.com/parse-passwd/-/parse-passwd-1.0.0.tgz#6d5b934a456993b23d37f40a382d6f1666a8e5c6"

path-exists@^3.0.0:
  version "3.0.0"
  resolved "https://registry.yarnpkg.com/path-exists/-/path-exists-3.0.0.tgz#ce0ebeaa5f78cb18925ea7d810d7b59b010fd515"

path-type@^2.0.0:
  version "2.0.0"
  resolved "https://registry.yarnpkg.com/path-type/-/path-type-2.0.0.tgz#f012ccb8415b7096fc2daa1054c3d72389594c73"
  dependencies:
    pify "^2.0.0"

pify@^2.0.0:
  version "2.3.0"
  resolved "https://registry.yarnpkg.com/pify/-/pify-2.3.0.tgz#ed141a6ac043a849ea588498e7dca8b15330e90c"

read-pkg-up@^2.0.0:
  version "2.0.0"
  resolved "https://registry.yarnpkg.com/read-pkg-up/-/read-pkg-up-2.0.0.tgz#6b72a8048984e0c41e79510fd5e9fa99b3b549be"
  dependencies:
    find-up "^2.0.0"
    read-pkg "^2.0.0"

read-pkg@^2.0.0:
  version "2.0.0"
  resolved "https://registry.yarnpkg.com/read-pkg/-/read-pkg-2.0.0.tgz#8ef1c0623c6a6db0dc6713c4bfac46332b2368f8"
  dependencies:
    load-json-file "^2.0.0"
    normalize-package-data "^2.3.2"
    path-type "^2.0.0"

repeat-string@^1.5.2:
  version "1.6.1"
  resolved "https://registry.yarnpkg.com/repeat-string/-/repeat-string-1.6.1.tgz#8dcae470e1c88abc2d600fff4a776286da75e637"

restore-cursor@^2.0.0:
  version "2.0.0"
  resolved "https://registry.yarnpkg.com/restore-cursor/-/restore-cursor-2.0.0.tgz#9f7ee287f82fd326d4fd162923d62129eee0dfaf"
  dependencies:
    onetime "^2.0.0"
    signal-exit "^3.0.2"

right-align@^0.1.1:
  version "0.1.3"
  resolved "https://registry.yarnpkg.com/right-align/-/right-align-0.1.3.tgz#61339b722fe6a3515689210d24e14c96148613ef"
  dependencies:
    align-text "^0.1.1"

run-async@^2.2.0:
  version "2.3.0"
  resolved "https://registry.yarnpkg.com/run-async/-/run-async-2.3.0.tgz#0371ab4ae0bdd720d4166d7dfda64ff7a445a6c0"
  dependencies:
    is-promise "^2.1.0"

runtime-engine-check@^1.0.0:
  version "1.0.0"
  resolved "https://registry.yarnpkg.com/runtime-engine-check/-/runtime-engine-check-1.0.0.tgz#85fdbef2cb24d55103eb0ebf8b325eeb80e55d4a"
  dependencies:
    read-pkg-up "^2.0.0"
    semver "^5.3.0"

rxjs@^5.5.2:
  version "5.5.6"
  resolved "https://registry.yarnpkg.com/rxjs/-/rxjs-5.5.6.tgz#e31fb96d6fd2ff1fd84bcea8ae9c02d007179c02"
  dependencies:
    symbol-observable "1.0.1"

"semver@2 || 3 || 4 || 5", semver@^5.3.0:
  version "5.5.0"
  resolved "https://registry.yarnpkg.com/semver/-/semver-5.5.0.tgz#dc4bbc7a6ca9d916dee5d43516f0092b58f7b8ab"

signal-exit@^3.0.2:
  version "3.0.2"
  resolved "https://registry.yarnpkg.com/signal-exit/-/signal-exit-3.0.2.tgz#b5fdc08f1287ea1178628e415e25132b73646c6d"

source-map@^0.4.4:
  version "0.4.4"
  resolved "https://registry.yarnpkg.com/source-map/-/source-map-0.4.4.tgz#eba4f5da9c0dc999de68032d8b4f76173652036b"
  dependencies:
    amdefine ">=0.0.4"

source-map@~0.5.1:
  version "0.5.7"
  resolved "https://registry.yarnpkg.com/source-map/-/source-map-0.5.7.tgz#8a039d2d1021d22d1ea14c80d8ea468ba2ef3fcc"

spdx-correct@^3.0.0:
  version "3.0.0"
  resolved "https://registry.yarnpkg.com/spdx-correct/-/spdx-correct-3.0.0.tgz#05a5b4d7153a195bc92c3c425b69f3b2a9524c82"
  dependencies:
    spdx-expression-parse "^3.0.0"
    spdx-license-ids "^3.0.0"

spdx-exceptions@^2.1.0:
  version "2.1.0"
  resolved "https://registry.yarnpkg.com/spdx-exceptions/-/spdx-exceptions-2.1.0.tgz#2c7ae61056c714a5b9b9b2b2af7d311ef5c78fe9"

spdx-expression-parse@^3.0.0:
  version "3.0.0"
  resolved "https://registry.yarnpkg.com/spdx-expression-parse/-/spdx-expression-parse-3.0.0.tgz#99e119b7a5da00e05491c9fa338b7904823b41d0"
  dependencies:
    spdx-exceptions "^2.1.0"
    spdx-license-ids "^3.0.0"

spdx-license-ids@^3.0.0:
  version "3.0.0"
  resolved "https://registry.yarnpkg.com/spdx-license-ids/-/spdx-license-ids-3.0.0.tgz#7a7cd28470cc6d3a1cfe6d66886f6bc430d3ac87"

string-width@^2.1.0:
  version "2.1.1"
  resolved "https://registry.yarnpkg.com/string-width/-/string-width-2.1.1.tgz#ab93f27a8dc13d28cac815c462143a6d9012ae9e"
  dependencies:
    is-fullwidth-code-point "^2.0.0"
    strip-ansi "^4.0.0"

strip-ansi@^4.0.0:
  version "4.0.0"
  resolved "https://registry.yarnpkg.com/strip-ansi/-/strip-ansi-4.0.0.tgz#a8479022eb1ac368a871389b635262c505ee368f"
  dependencies:
    ansi-regex "^3.0.0"

strip-bom@^3.0.0:
  version "3.0.0"
  resolved "https://registry.yarnpkg.com/strip-bom/-/strip-bom-3.0.0.tgz#2334c18e9c759f7bdd56fdef7e9ae3d588e68ed3"

supports-color@^5.2.0, supports-color@^5.3.0:
  version "5.3.0"
  resolved "https://registry.yarnpkg.com/supports-color/-/supports-color-5.3.0.tgz#5b24ac15db80fa927cf5227a4a33fd3c4c7676c0"
  dependencies:
    has-flag "^3.0.0"

symbol-observable@1.0.1:
  version "1.0.1"
  resolved "https://registry.yarnpkg.com/symbol-observable/-/symbol-observable-1.0.1.tgz#8340fc4702c3122df5d22288f88283f513d3fdd4"

through@^2.3.6:
  version "2.3.8"
  resolved "https://registry.yarnpkg.com/through/-/through-2.3.8.tgz#0dd4c9ffaabc357960b1b724115d7e0e86a2e1f5"

tmp@^0.0.33:
  version "0.0.33"
  resolved "https://registry.yarnpkg.com/tmp/-/tmp-0.0.33.tgz#6d34335889768d21b2bcda0aa277ced3b1bfadf9"
  dependencies:
    os-tmpdir "~1.0.2"

uglify-js@^2.6:
  version "2.8.29"
  resolved "https://registry.yarnpkg.com/uglify-js/-/uglify-js-2.8.29.tgz#29c5733148057bb4e1f75df35b7a9cb72e6a59dd"
  dependencies:
    source-map "~0.5.1"
    yargs "~3.10.0"
  optionalDependencies:
    uglify-to-browserify "~1.0.0"

uglify-to-browserify@~1.0.0:
  version "1.0.2"
  resolved "https://registry.yarnpkg.com/uglify-to-browserify/-/uglify-to-browserify-1.0.2.tgz#6e0924d6bda6b5afe349e39a6d632850a0f882b7"

universalify@^0.1.0:
  version "0.1.1"
  resolved "https://registry.yarnpkg.com/universalify/-/universalify-0.1.1.tgz#fa71badd4437af4c148841e3b3b165f9e9e590b7"

validate-npm-package-license@^3.0.1:
  version "3.0.3"
  resolved "https://registry.yarnpkg.com/validate-npm-package-license/-/validate-npm-package-license-3.0.3.tgz#81643bcbef1bdfecd4623793dc4648948ba98338"
  dependencies:
    spdx-correct "^3.0.0"
    spdx-expression-parse "^3.0.0"

window-size@0.1.0:
  version "0.1.0"
  resolved "https://registry.yarnpkg.com/window-size/-/window-size-0.1.0.tgz#5438cd2ea93b202efa3a19fe8887aee7c94f9c9d"

wordwrap@0.0.2:
  version "0.0.2"
  resolved "https://registry.yarnpkg.com/wordwrap/-/wordwrap-0.0.2.tgz#b79669bb42ecb409f83d583cad52ca17eaa1643f"

wordwrap@~0.0.2:
  version "0.0.3"
  resolved "https://registry.yarnpkg.com/wordwrap/-/wordwrap-0.0.3.tgz#a3d5da6cd5c0bc0008d37234bbaf1bed63059107"

yargs@~3.10.0:
  version "3.10.0"
  resolved "https://registry.yarnpkg.com/yargs/-/yargs-3.10.0.tgz#f7ee7bd857dd7c1d2d38c0e74efbd681d1431fd1"
  dependencies:
    camelcase "^1.0.2"
    cliui "^2.1.0"
    decamelize "^1.0.0"
    window-size "0.1.0"
